// !$*UTF8*$!
{
	archiveVersion = 1;
	classes = {
	};
	objectVersion = 50;
	objects = {

/* Begin PBXBuildFile section */
		8B240CDB211777E800488BE2 /* FormSimulation.swift in Sources */ = {isa = PBXBuildFile; fileRef = 8B240CDA211777E800488BE2 /* FormSimulation.swift */; };
		8B248EFA2114F5DB003A0F69 /* AppDelegate.swift in Sources */ = {isa = PBXBuildFile; fileRef = 8B248EF92114F5DB003A0F69 /* AppDelegate.swift */; };
		8B248EFC2114F5DB003A0F69 /* ViewController.swift in Sources */ = {isa = PBXBuildFile; fileRef = 8B248EFB2114F5DB003A0F69 /* ViewController.swift */; };
		8B248EFF2114F5DB003A0F69 /* Main.storyboard in Resources */ = {isa = PBXBuildFile; fileRef = 8B248EFD2114F5DB003A0F69 /* Main.storyboard */; };
		8B248F012114F5E6003A0F69 /* Assets.xcassets in Resources */ = {isa = PBXBuildFile; fileRef = 8B248F002114F5E6003A0F69 /* Assets.xcassets */; };
		8B248F042114F5E6003A0F69 /* LaunchScreen.storyboard in Resources */ = {isa = PBXBuildFile; fileRef = 8B248F022114F5E6003A0F69 /* LaunchScreen.storyboard */; };
		8B248F0F2114F5E8003A0F69 /* EasynvestTests.swift in Sources */ = {isa = PBXBuildFile; fileRef = 8B248F0E2114F5E8003A0F69 /* EasynvestTests.swift */; };
		8BE069772116785400D1AEBE /* Simulation.swift in Sources */ = {isa = PBXBuildFile; fileRef = 8BE069762116785400D1AEBE /* Simulation.swift */; };
		8BE0697B21167BF100D1AEBE /* Investment.swift in Sources */ = {isa = PBXBuildFile; fileRef = 8BE0697A21167BF100D1AEBE /* Investment.swift */; };
		8BE0697D2116879600D1AEBE /* UIColor+Easynvest.swift in Sources */ = {isa = PBXBuildFile; fileRef = 8BE0697C2116879600D1AEBE /* UIColor+Easynvest.swift */; };
		8BE0698121168B9900D1AEBE /* SimulationService.swift in Sources */ = {isa = PBXBuildFile; fileRef = 8BE0698021168B9900D1AEBE /* SimulationService.swift */; };
		8BE0698321175B3A00D1AEBE /* UILabel+Easynvest.swift in Sources */ = {isa = PBXBuildFile; fileRef = 8BE0698221175B3A00D1AEBE /* UILabel+Easynvest.swift */; };
		8BE06987211762A100D1AEBE /* SimulationTableViewCell.swift in Sources */ = {isa = PBXBuildFile; fileRef = 8BE06985211762A100D1AEBE /* SimulationTableViewCell.swift */; };
		8BE06988211762A100D1AEBE /* SimulationTableViewCell.xib in Resources */ = {isa = PBXBuildFile; fileRef = 8BE06986211762A100D1AEBE /* SimulationTableViewCell.xib */; };
		8BE0698B21176CF700D1AEBE /* SubmitTableViewCell.swift in Sources */ = {isa = PBXBuildFile; fileRef = 8BE0698921176CF700D1AEBE /* SubmitTableViewCell.swift */; };
		8BE0698C21176CF700D1AEBE /* SubmitTableViewCell.xib in Resources */ = {isa = PBXBuildFile; fileRef = 8BE0698A21176CF700D1AEBE /* SubmitTableViewCell.xib */; };
		9180264B2AE3761F94A57D86 /* Pods_EasynvestTests.framework in Frameworks */ = {isa = PBXBuildFile; fileRef = 300810AF47D54D3D4CBAB101 /* Pods_EasynvestTests.framework */; };
		EC990079D80C82C0A6536EB1 /* Pods_Easynvest.framework in Frameworks */ = {isa = PBXBuildFile; fileRef = 112B8F188D95161056B5A614 /* Pods_Easynvest.framework */; };
/* End PBXBuildFile section */

/* Begin PBXContainerItemProxy section */
		8B248F0B2114F5E8003A0F69 /* PBXContainerItemProxy */ = {
			isa = PBXContainerItemProxy;
			containerPortal = 8B248EEE2114F5DB003A0F69 /* Project object */;
			proxyType = 1;
			remoteGlobalIDString = 8B248EF52114F5DB003A0F69;
			remoteInfo = Easynvest;
		};
/* End PBXContainerItemProxy section */

/* Begin PBXFileReference section */
		112B8F188D95161056B5A614 /* Pods_Easynvest.framework */ = {isa = PBXFileReference; explicitFileType = wrapper.framework; includeInIndex = 0; path = Pods_Easynvest.framework; sourceTree = BUILT_PRODUCTS_DIR; };
		300810AF47D54D3D4CBAB101 /* Pods_EasynvestTests.framework */ = {isa = PBXFileReference; explicitFileType = wrapper.framework; includeInIndex = 0; path = Pods_EasynvestTests.framework; sourceTree = BUILT_PRODUCTS_DIR; };
		3AC10708C0948D4979951736 /* Pods-Easynvest.debug.xcconfig */ = {isa = PBXFileReference; includeInIndex = 1; lastKnownFileType = text.xcconfig; name = "Pods-Easynvest.debug.xcconfig"; path = "Pods/Target Support Files/Pods-Easynvest/Pods-Easynvest.debug.xcconfig"; sourceTree = "<group>"; };
		8B240CDA211777E800488BE2 /* FormSimulation.swift */ = {isa = PBXFileReference; lastKnownFileType = sourcecode.swift; path = FormSimulation.swift; sourceTree = "<group>"; };
		8B248EF62114F5DB003A0F69 /* Easynvest.app */ = {isa = PBXFileReference; explicitFileType = wrapper.application; includeInIndex = 0; path = Easynvest.app; sourceTree = BUILT_PRODUCTS_DIR; };
		8B248EF92114F5DB003A0F69 /* AppDelegate.swift */ = {isa = PBXFileReference; lastKnownFileType = sourcecode.swift; path = AppDelegate.swift; sourceTree = "<group>"; };
		8B248EFB2114F5DB003A0F69 /* ViewController.swift */ = {isa = PBXFileReference; lastKnownFileType = sourcecode.swift; path = ViewController.swift; sourceTree = "<group>"; };
		8B248EFE2114F5DB003A0F69 /* Base */ = {isa = PBXFileReference; lastKnownFileType = file.storyboard; name = Base; path = Base.lproj/Main.storyboard; sourceTree = "<group>"; };
		8B248F002114F5E6003A0F69 /* Assets.xcassets */ = {isa = PBXFileReference; lastKnownFileType = folder.assetcatalog; path = Assets.xcassets; sourceTree = "<group>"; };
		8B248F032114F5E6003A0F69 /* Base */ = {isa = PBXFileReference; lastKnownFileType = file.storyboard; name = Base; path = Base.lproj/LaunchScreen.storyboard; sourceTree = "<group>"; };
		8B248F052114F5E6003A0F69 /* Info.plist */ = {isa = PBXFileReference; lastKnownFileType = text.plist.xml; path = Info.plist; sourceTree = "<group>"; };
		8B248F0A2114F5E8003A0F69 /* EasynvestTests.xctest */ = {isa = PBXFileReference; explicitFileType = wrapper.cfbundle; includeInIndex = 0; path = EasynvestTests.xctest; sourceTree = BUILT_PRODUCTS_DIR; };
		8B248F0E2114F5E8003A0F69 /* EasynvestTests.swift */ = {isa = PBXFileReference; lastKnownFileType = sourcecode.swift; path = EasynvestTests.swift; sourceTree = "<group>"; };
		8B248F102114F5E8003A0F69 /* Info.plist */ = {isa = PBXFileReference; lastKnownFileType = text.plist.xml; path = Info.plist; sourceTree = "<group>"; };
		8BE069762116785400D1AEBE /* Simulation.swift */ = {isa = PBXFileReference; lastKnownFileType = sourcecode.swift; path = Simulation.swift; sourceTree = "<group>"; };
		8BE0697A21167BF100D1AEBE /* Investment.swift */ = {isa = PBXFileReference; lastKnownFileType = sourcecode.swift; path = Investment.swift; sourceTree = "<group>"; };
		8BE0697C2116879600D1AEBE /* UIColor+Easynvest.swift */ = {isa = PBXFileReference; lastKnownFileType = sourcecode.swift; path = "UIColor+Easynvest.swift"; sourceTree = "<group>"; };
		8BE0698021168B9900D1AEBE /* SimulationService.swift */ = {isa = PBXFileReference; lastKnownFileType = sourcecode.swift; path = SimulationService.swift; sourceTree = "<group>"; };
		8BE0698221175B3A00D1AEBE /* UILabel+Easynvest.swift */ = {isa = PBXFileReference; lastKnownFileType = sourcecode.swift; path = "UILabel+Easynvest.swift"; sourceTree = "<group>"; };
		8BE06985211762A100D1AEBE /* SimulationTableViewCell.swift */ = {isa = PBXFileReference; lastKnownFileType = sourcecode.swift; path = SimulationTableViewCell.swift; sourceTree = "<group>"; };
		8BE06986211762A100D1AEBE /* SimulationTableViewCell.xib */ = {isa = PBXFileReference; lastKnownFileType = file.xib; path = SimulationTableViewCell.xib; sourceTree = "<group>"; };
		8BE0698921176CF700D1AEBE /* SubmitTableViewCell.swift */ = {isa = PBXFileReference; lastKnownFileType = sourcecode.swift; path = SubmitTableViewCell.swift; sourceTree = "<group>"; };
		8BE0698A21176CF700D1AEBE /* SubmitTableViewCell.xib */ = {isa = PBXFileReference; lastKnownFileType = file.xib; path = SubmitTableViewCell.xib; sourceTree = "<group>"; };
		A78C67976D58EF49DD0AED2A /* Pods-EasynvestTests.debug.xcconfig */ = {isa = PBXFileReference; includeInIndex = 1; lastKnownFileType = text.xcconfig; name = "Pods-EasynvestTests.debug.xcconfig"; path = "Pods/Target Support Files/Pods-EasynvestTests/Pods-EasynvestTests.debug.xcconfig"; sourceTree = "<group>"; };
		B3B459DC58F2BF83A3B0A31F /* Pods-Easynvest.release.xcconfig */ = {isa = PBXFileReference; includeInIndex = 1; lastKnownFileType = text.xcconfig; name = "Pods-Easynvest.release.xcconfig"; path = "Pods/Target Support Files/Pods-Easynvest/Pods-Easynvest.release.xcconfig"; sourceTree = "<group>"; };
		E39B0C80AAD5916191492174 /* Pods-EasynvestTests.release.xcconfig */ = {isa = PBXFileReference; includeInIndex = 1; lastKnownFileType = text.xcconfig; name = "Pods-EasynvestTests.release.xcconfig"; path = "Pods/Target Support Files/Pods-EasynvestTests/Pods-EasynvestTests.release.xcconfig"; sourceTree = "<group>"; };
/* End PBXFileReference section */

/* Begin PBXFrameworksBuildPhase section */
		8B248EF32114F5DB003A0F69 /* Frameworks */ = {
			isa = PBXFrameworksBuildPhase;
			buildActionMask = 2147483647;
			files = (
				EC990079D80C82C0A6536EB1 /* Pods_Easynvest.framework in Frameworks */,
			);
			runOnlyForDeploymentPostprocessing = 0;
		};
		8B248F072114F5E8003A0F69 /* Frameworks */ = {
			isa = PBXFrameworksBuildPhase;
			buildActionMask = 2147483647;
			files = (
				9180264B2AE3761F94A57D86 /* Pods_EasynvestTests.framework in Frameworks */,
			);
			runOnlyForDeploymentPostprocessing = 0;
		};
/* End PBXFrameworksBuildPhase section */

/* Begin PBXGroup section */
		50653260CC8E66630ECA2DE8 /* Frameworks */ = {
			isa = PBXGroup;
			children = (
				112B8F188D95161056B5A614 /* Pods_Easynvest.framework */,
				300810AF47D54D3D4CBAB101 /* Pods_EasynvestTests.framework */,
			);
			name = Frameworks;
			sourceTree = "<group>";
		};
		6100578227C572C3E7938780 /* Pods */ = {
			isa = PBXGroup;
			children = (
				3AC10708C0948D4979951736 /* Pods-Easynvest.debug.xcconfig */,
				B3B459DC58F2BF83A3B0A31F /* Pods-Easynvest.release.xcconfig */,
				A78C67976D58EF49DD0AED2A /* Pods-EasynvestTests.debug.xcconfig */,
				E39B0C80AAD5916191492174 /* Pods-EasynvestTests.release.xcconfig */,
			);
			name = Pods;
			sourceTree = "<group>";
		};
		8B248EED2114F5DB003A0F69 = {
			isa = PBXGroup;
			children = (
				8B248EF82114F5DB003A0F69 /* Easynvest */,
				8B248F0D2114F5E8003A0F69 /* EasynvestTests */,
				8B248EF72114F5DB003A0F69 /* Products */,
				6100578227C572C3E7938780 /* Pods */,
				50653260CC8E66630ECA2DE8 /* Frameworks */,
			);
			sourceTree = "<group>";
		};
		8B248EF72114F5DB003A0F69 /* Products */ = {
			isa = PBXGroup;
			children = (
				8B248EF62114F5DB003A0F69 /* Easynvest.app */,
				8B248F0A2114F5E8003A0F69 /* EasynvestTests.xctest */,
			);
			name = Products;
			sourceTree = "<group>";
		};
		8B248EF82114F5DB003A0F69 /* Easynvest */ = {
			isa = PBXGroup;
			children = (
				8BE0698221175B3A00D1AEBE /* UILabel+Easynvest.swift */,
				8BE0697C2116879600D1AEBE /* UIColor+Easynvest.swift */,
				8BE069842117624A00D1AEBE /* View */,
				8BE0697F211688B500D1AEBE /* Service */,
				8BE069752116775600D1AEBE /* Model */,
				8B248EF92114F5DB003A0F69 /* AppDelegate.swift */,
				8B248EFD2114F5DB003A0F69 /* Main.storyboard */,
				8B248F002114F5E6003A0F69 /* Assets.xcassets */,
				8B248F022114F5E6003A0F69 /* LaunchScreen.storyboard */,
				8B248F052114F5E6003A0F69 /* Info.plist */,
			);
			path = Easynvest;
			sourceTree = "<group>";
		};
		8B248F0D2114F5E8003A0F69 /* EasynvestTests */ = {
			isa = PBXGroup;
			children = (
				8B248F0E2114F5E8003A0F69 /* EasynvestTests.swift */,
				8B248F102114F5E8003A0F69 /* Info.plist */,
			);
			path = EasynvestTests;
			sourceTree = "<group>";
		};
		8B8695C82117A2980052D712 /* SimulationTableViewController */ = {
			isa = PBXGroup;
			children = (
				8B8695CA2117A2E10052D712 /* SubmitTableViewCell */,
				8B8695C92117A2C00052D712 /* SimulationTableViewCell */,
				8B248EFB2114F5DB003A0F69 /* ViewController.swift */,
			);
			path = SimulationTableViewController;
			sourceTree = "<group>";
		};
		8B8695C92117A2C00052D712 /* SimulationTableViewCell */ = {
			isa = PBXGroup;
			children = (
				8BE06986211762A100D1AEBE /* SimulationTableViewCell.xib */,
				8BE06985211762A100D1AEBE /* SimulationTableViewCell.swift */,
			);
			path = SimulationTableViewCell;
			sourceTree = "<group>";
		};
		8B8695CA2117A2E10052D712 /* SubmitTableViewCell */ = {
			isa = PBXGroup;
			children = (
				8BE0698A21176CF700D1AEBE /* SubmitTableViewCell.xib */,
				8BE0698921176CF700D1AEBE /* SubmitTableViewCell.swift */,
			);
			path = SubmitTableViewCell;
			sourceTree = "<group>";
		};
		8BE069752116775600D1AEBE /* Model */ = {
			isa = PBXGroup;
			children = (
				8BE069762116785400D1AEBE /* Simulation.swift */,
				8BE0697A21167BF100D1AEBE /* Investment.swift */,
				8B240CDA211777E800488BE2 /* FormSimulation.swift */,
			);
			path = Model;
			sourceTree = "<group>";
		};
		8BE0697F211688B500D1AEBE /* Service */ = {
			isa = PBXGroup;
			children = (
				8BE0698021168B9900D1AEBE /* SimulationService.swift */,
			);
			path = Service;
			sourceTree = "<group>";
		};
		8BE069842117624A00D1AEBE /* View */ = {
			isa = PBXGroup;
			children = (
				8B8695C82117A2980052D712 /* SimulationTableViewController */,
			);
			path = View;
			sourceTree = "<group>";
		};
/* End PBXGroup section */

/* Begin PBXNativeTarget section */
		8B248EF52114F5DB003A0F69 /* Easynvest */ = {
			isa = PBXNativeTarget;
			buildConfigurationList = 8B248F132114F5E8003A0F69 /* Build configuration list for PBXNativeTarget "Easynvest" */;
			buildPhases = (
				1F9F78CBBACAF159816F86E4 /* [CP] Check Pods Manifest.lock */,
				8B248EF22114F5DB003A0F69 /* Sources */,
				8B248EF32114F5DB003A0F69 /* Frameworks */,
				8B248EF42114F5DB003A0F69 /* Resources */,
				8B0DCDAF2116758300B8E32B /* SwiftLint */,
			);
			buildRules = (
			);
			dependencies = (
			);
			name = Easynvest;
			productName = Easynvest;
			productReference = 8B248EF62114F5DB003A0F69 /* Easynvest.app */;
			productType = "com.apple.product-type.application";
		};
		8B248F092114F5E8003A0F69 /* EasynvestTests */ = {
			isa = PBXNativeTarget;
			buildConfigurationList = 8B248F162114F5E8003A0F69 /* Build configuration list for PBXNativeTarget "EasynvestTests" */;
			buildPhases = (
				1CDD615BBC2476F0CF306850 /* [CP] Check Pods Manifest.lock */,
				8B248F062114F5E8003A0F69 /* Sources */,
				8B248F072114F5E8003A0F69 /* Frameworks */,
				8B248F082114F5E8003A0F69 /* Resources */,
			);
			buildRules = (
			);
			dependencies = (
				8B248F0C2114F5E8003A0F69 /* PBXTargetDependency */,
			);
			name = EasynvestTests;
			productName = EasynvestTests;
			productReference = 8B248F0A2114F5E8003A0F69 /* EasynvestTests.xctest */;
			productType = "com.apple.product-type.bundle.unit-test";
		};
/* End PBXNativeTarget section */

/* Begin PBXProject section */
		8B248EEE2114F5DB003A0F69 /* Project object */ = {
			isa = PBXProject;
			attributes = {
				LastSwiftUpdateCheck = 0940;
				LastUpgradeCheck = 0940;
				ORGANIZATIONNAME = Developer;
				TargetAttributes = {
					8B248EF52114F5DB003A0F69 = {
						CreatedOnToolsVersion = 9.4.1;
					};
					8B248F092114F5E8003A0F69 = {
						CreatedOnToolsVersion = 9.4.1;
						TestTargetID = 8B248EF52114F5DB003A0F69;
					};
				};
			};
			buildConfigurationList = 8B248EF12114F5DB003A0F69 /* Build configuration list for PBXProject "Easynvest" */;
			compatibilityVersion = "Xcode 9.3";
			developmentRegion = en;
			hasScannedForEncodings = 0;
			knownRegions = (
				en,
				Base,
			);
			mainGroup = 8B248EED2114F5DB003A0F69;
			productRefGroup = 8B248EF72114F5DB003A0F69 /* Products */;
			projectDirPath = "";
			projectRoot = "";
			targets = (
				8B248EF52114F5DB003A0F69 /* Easynvest */,
				8B248F092114F5E8003A0F69 /* EasynvestTests */,
			);
		};
/* End PBXProject section */

/* Begin PBXResourcesBuildPhase section */
		8B248EF42114F5DB003A0F69 /* Resources */ = {
			isa = PBXResourcesBuildPhase;
			buildActionMask = 2147483647;
			files = (
				8BE06988211762A100D1AEBE /* SimulationTableViewCell.xib in Resources */,
				8B248F042114F5E6003A0F69 /* LaunchScreen.storyboard in Resources */,
				8B248F012114F5E6003A0F69 /* Assets.xcassets in Resources */,
				8B248EFF2114F5DB003A0F69 /* Main.storyboard in Resources */,
				8BE0698C21176CF700D1AEBE /* SubmitTableViewCell.xib in Resources */,
			);
			runOnlyForDeploymentPostprocessing = 0;
		};
		8B248F082114F5E8003A0F69 /* Resources */ = {
			isa = PBXResourcesBuildPhase;
			buildActionMask = 2147483647;
			files = (
			);
			runOnlyForDeploymentPostprocessing = 0;
		};
/* End PBXResourcesBuildPhase section */

/* Begin PBXShellScriptBuildPhase section */
		1CDD615BBC2476F0CF306850 /* [CP] Check Pods Manifest.lock */ = {
			isa = PBXShellScriptBuildPhase;
			buildActionMask = 2147483647;
			files = (
			);
			inputPaths = (
				"${PODS_PODFILE_DIR_PATH}/Podfile.lock",
				"${PODS_ROOT}/Manifest.lock",
			);
			name = "[CP] Check Pods Manifest.lock";
			outputPaths = (
				"$(DERIVED_FILE_DIR)/Pods-EasynvestTests-checkManifestLockResult.txt",
			);
			runOnlyForDeploymentPostprocessing = 0;
			shellPath = /bin/sh;
			shellScript = "diff \"${PODS_PODFILE_DIR_PATH}/Podfile.lock\" \"${PODS_ROOT}/Manifest.lock\" > /dev/null\nif [ $? != 0 ] ; then\n    # print error to STDERR\n    echo \"error: The sandbox is not in sync with the Podfile.lock. Run 'pod install' or update your CocoaPods installation.\" >&2\n    exit 1\nfi\n# This output is used by Xcode 'outputs' to avoid re-running this script phase.\necho \"SUCCESS\" > \"${SCRIPT_OUTPUT_FILE_0}\"\n";
			showEnvVarsInLog = 0;
		};
		1F9F78CBBACAF159816F86E4 /* [CP] Check Pods Manifest.lock */ = {
			isa = PBXShellScriptBuildPhase;
			buildActionMask = 2147483647;
			files = (
			);
			inputPaths = (
				"${PODS_PODFILE_DIR_PATH}/Podfile.lock",
				"${PODS_ROOT}/Manifest.lock",
			);
			name = "[CP] Check Pods Manifest.lock";
			outputPaths = (
				"$(DERIVED_FILE_DIR)/Pods-Easynvest-checkManifestLockResult.txt",
			);
			runOnlyForDeploymentPostprocessing = 0;
			shellPath = /bin/sh;
			shellScript = "diff \"${PODS_PODFILE_DIR_PATH}/Podfile.lock\" \"${PODS_ROOT}/Manifest.lock\" > /dev/null\nif [ $? != 0 ] ; then\n    # print error to STDERR\n    echo \"error: The sandbox is not in sync with the Podfile.lock. Run 'pod install' or update your CocoaPods installation.\" >&2\n    exit 1\nfi\n# This output is used by Xcode 'outputs' to avoid re-running this script phase.\necho \"SUCCESS\" > \"${SCRIPT_OUTPUT_FILE_0}\"\n";
			showEnvVarsInLog = 0;
		};
		8B0DCDAF2116758300B8E32B /* SwiftLint */ = {
			isa = PBXShellScriptBuildPhase;
			buildActionMask = 2147483647;
			files = (
			);
			inputFileListPaths = (
			);
			inputPaths = (
			);
			name = SwiftLint;
			outputFileListPaths = (
			);
			outputPaths = (
			);
			runOnlyForDeploymentPostprocessing = 0;
			shellPath = /bin/sh;
			shellScript = "\"${PODS_ROOT}/SwiftLint/swiftlint\"\n";
		};
/* End PBXShellScriptBuildPhase section */

/* Begin PBXSourcesBuildPhase section */
		8B248EF22114F5DB003A0F69 /* Sources */ = {
			isa = PBXSourcesBuildPhase;
			buildActionMask = 2147483647;
			files = (
				8BE06987211762A100D1AEBE /* SimulationTableViewCell.swift in Sources */,
				8BE0698121168B9900D1AEBE /* SimulationService.swift in Sources */,
				8BE0697B21167BF100D1AEBE /* Investment.swift in Sources */,
				8BE0698321175B3A00D1AEBE /* UILabel+Easynvest.swift in Sources */,
				8B240CDB211777E800488BE2 /* FormSimulation.swift in Sources */,
				8B248EFC2114F5DB003A0F69 /* ViewController.swift in Sources */,
				8BE069772116785400D1AEBE /* Simulation.swift in Sources */,
				8BE0698B21176CF700D1AEBE /* SubmitTableViewCell.swift in Sources */,
				8BE0697D2116879600D1AEBE /* UIColor+Easynvest.swift in Sources */,
				8B248EFA2114F5DB003A0F69 /* AppDelegate.swift in Sources */,
			);
			runOnlyForDeploymentPostprocessing = 0;
		};
		8B248F062114F5E8003A0F69 /* Sources */ = {
			isa = PBXSourcesBuildPhase;
			buildActionMask = 2147483647;
			files = (
				8B248F0F2114F5E8003A0F69 /* EasynvestTests.swift in Sources */,
			);
			runOnlyForDeploymentPostprocessing = 0;
		};
/* End PBXSourcesBuildPhase section */

/* Begin PBXTargetDependency section */
		8B248F0C2114F5E8003A0F69 /* PBXTargetDependency */ = {
			isa = PBXTargetDependency;
			target = 8B248EF52114F5DB003A0F69 /* Easynvest */;
			targetProxy = 8B248F0B2114F5E8003A0F69 /* PBXContainerItemProxy */;
		};
/* End PBXTargetDependency section */

/* Begin PBXVariantGroup section */
		8B248EFD2114F5DB003A0F69 /* Main.storyboard */ = {
			isa = PBXVariantGroup;
			children = (
				8B248EFE2114F5DB003A0F69 /* Base */,
			);
			name = Main.storyboard;
			sourceTree = "<group>";
		};
		8B248F022114F5E6003A0F69 /* LaunchScreen.storyboard */ = {
			isa = PBXVariantGroup;
			children = (
				8B248F032114F5E6003A0F69 /* Base */,
			);
			name = LaunchScreen.storyboard;
			sourceTree = "<group>";
		};
/* End PBXVariantGroup section */

/* Begin XCBuildConfiguration section */
		8B248F112114F5E8003A0F69 /* Debug */ = {
			isa = XCBuildConfiguration;
			buildSettings = {
				ALWAYS_SEARCH_USER_PATHS = NO;
				CLANG_ANALYZER_NONNULL = YES;
				CLANG_ANALYZER_NUMBER_OBJECT_CONVERSION = YES_AGGRESSIVE;
				CLANG_CXX_LANGUAGE_STANDARD = "gnu++14";
				CLANG_CXX_LIBRARY = "libc++";
				CLANG_ENABLE_MODULES = YES;
				CLANG_ENABLE_OBJC_ARC = YES;
				CLANG_ENABLE_OBJC_WEAK = YES;
				CLANG_WARN_BLOCK_CAPTURE_AUTORELEASING = YES;
				CLANG_WARN_BOOL_CONVERSION = YES;
				CLANG_WARN_COMMA = YES;
				CLANG_WARN_CONSTANT_CONVERSION = YES;
				CLANG_WARN_DEPRECATED_OBJC_IMPLEMENTATIONS = YES;
				CLANG_WARN_DIRECT_OBJC_ISA_USAGE = YES_ERROR;
				CLANG_WARN_DOCUMENTATION_COMMENTS = YES;
				CLANG_WARN_EMPTY_BODY = YES;
				CLANG_WARN_ENUM_CONVERSION = YES;
				CLANG_WARN_INFINITE_RECURSION = YES;
				CLANG_WARN_INT_CONVERSION = YES;
				CLANG_WARN_NON_LITERAL_NULL_CONVERSION = YES;
				CLANG_WARN_OBJC_IMPLICIT_RETAIN_SELF = YES;
				CLANG_WARN_OBJC_LITERAL_CONVERSION = YES;
				CLANG_WARN_OBJC_ROOT_CLASS = YES_ERROR;
				CLANG_WARN_RANGE_LOOP_ANALYSIS = YES;
				CLANG_WARN_STRICT_PROTOTYPES = YES;
				CLANG_WARN_SUSPICIOUS_MOVE = YES;
				CLANG_WARN_UNGUARDED_AVAILABILITY = YES_AGGRESSIVE;
				CLANG_WARN_UNREACHABLE_CODE = YES;
				CLANG_WARN__DUPLICATE_METHOD_MATCH = YES;
				CODE_SIGN_IDENTITY = "iPhone Developer";
				COPY_PHASE_STRIP = NO;
				DEBUG_INFORMATION_FORMAT = dwarf;
				ENABLE_STRICT_OBJC_MSGSEND = YES;
				ENABLE_TESTABILITY = YES;
				GCC_C_LANGUAGE_STANDARD = gnu11;
				GCC_DYNAMIC_NO_PIC = NO;
				GCC_NO_COMMON_BLOCKS = YES;
				GCC_OPTIMIZATION_LEVEL = 0;
				GCC_PREPROCESSOR_DEFINITIONS = (
					"DEBUG=1",
					"$(inherited)",
				);
				GCC_WARN_64_TO_32_BIT_CONVERSION = YES;
				GCC_WARN_ABOUT_RETURN_TYPE = YES_ERROR;
				GCC_WARN_UNDECLARED_SELECTOR = YES;
				GCC_WARN_UNINITIALIZED_AUTOS = YES_AGGRESSIVE;
				GCC_WARN_UNUSED_FUNCTION = YES;
				GCC_WARN_UNUSED_VARIABLE = YES;
				IPHONEOS_DEPLOYMENT_TARGET = 11.4;
				MTL_ENABLE_DEBUG_INFO = YES;
				ONLY_ACTIVE_ARCH = YES;
				SDKROOT = iphoneos;
				SWIFT_ACTIVE_COMPILATION_CONDITIONS = DEBUG;
				SWIFT_OPTIMIZATION_LEVEL = "-Onone";
			};
			name = Debug;
		};
		8B248F122114F5E8003A0F69 /* Release */ = {
			isa = XCBuildConfiguration;
			buildSettings = {
				ALWAYS_SEARCH_USER_PATHS = NO;
				CLANG_ANALYZER_NONNULL = YES;
				CLANG_ANALYZER_NUMBER_OBJECT_CONVERSION = YES_AGGRESSIVE;
				CLANG_CXX_LANGUAGE_STANDARD = "gnu++14";
				CLANG_CXX_LIBRARY = "libc++";
				CLANG_ENABLE_MODULES = YES;
				CLANG_ENABLE_OBJC_ARC = YES;
				CLANG_ENABLE_OBJC_WEAK = YES;
				CLANG_WARN_BLOCK_CAPTURE_AUTORELEASING = YES;
				CLANG_WARN_BOOL_CONVERSION = YES;
				CLANG_WARN_COMMA = YES;
				CLANG_WARN_CONSTANT_CONVERSION = YES;
				CLANG_WARN_DEPRECATED_OBJC_IMPLEMENTATIONS = YES;
				CLANG_WARN_DIRECT_OBJC_ISA_USAGE = YES_ERROR;
				CLANG_WARN_DOCUMENTATION_COMMENTS = YES;
				CLANG_WARN_EMPTY_BODY = YES;
				CLANG_WARN_ENUM_CONVERSION = YES;
				CLANG_WARN_INFINITE_RECURSION = YES;
				CLANG_WARN_INT_CONVERSION = YES;
				CLANG_WARN_NON_LITERAL_NULL_CONVERSION = YES;
				CLANG_WARN_OBJC_IMPLICIT_RETAIN_SELF = YES;
				CLANG_WARN_OBJC_LITERAL_CONVERSION = YES;
				CLANG_WARN_OBJC_ROOT_CLASS = YES_ERROR;
				CLANG_WARN_RANGE_LOOP_ANALYSIS = YES;
				CLANG_WARN_STRICT_PROTOTYPES = YES;
				CLANG_WARN_SUSPICIOUS_MOVE = YES;
				CLANG_WARN_UNGUARDED_AVAILABILITY = YES_AGGRESSIVE;
				CLANG_WARN_UNREACHABLE_CODE = YES;
				CLANG_WARN__DUPLICATE_METHOD_MATCH = YES;
				CODE_SIGN_IDENTITY = "iPhone Developer";
				COPY_PHASE_STRIP = NO;
				DEBUG_INFORMATION_FORMAT = "dwarf-with-dsym";
				ENABLE_NS_ASSERTIONS = NO;
				ENABLE_STRICT_OBJC_MSGSEND = YES;
				GCC_C_LANGUAGE_STANDARD = gnu11;
				GCC_NO_COMMON_BLOCKS = YES;
				GCC_WARN_64_TO_32_BIT_CONVERSION = YES;
				GCC_WARN_ABOUT_RETURN_TYPE = YES_ERROR;
				GCC_WARN_UNDECLARED_SELECTOR = YES;
				GCC_WARN_UNINITIALIZED_AUTOS = YES_AGGRESSIVE;
				GCC_WARN_UNUSED_FUNCTION = YES;
				GCC_WARN_UNUSED_VARIABLE = YES;
				IPHONEOS_DEPLOYMENT_TARGET = 11.4;
				MTL_ENABLE_DEBUG_INFO = NO;
				SDKROOT = iphoneos;
				SWIFT_COMPILATION_MODE = wholemodule;
				SWIFT_OPTIMIZATION_LEVEL = "-O";
				VALIDATE_PRODUCT = YES;
			};
			name = Release;
		};
		8B248F142114F5E8003A0F69 /* Debug */ = {
			isa = XCBuildConfiguration;
			baseConfigurationReference = 3AC10708C0948D4979951736 /* Pods-Easynvest.debug.xcconfig */;
			buildSettings = {
				ASSETCATALOG_COMPILER_APPICON_NAME = AppIcon;
				CODE_SIGN_STYLE = Automatic;
				DEVELOPMENT_TEAM = V7R5DW23MV;
				INFOPLIST_FILE = Easynvest/Info.plist;
				LD_RUNPATH_SEARCH_PATHS = (
					"$(inherited)",
					"@executable_path/Frameworks",
				);
				PRODUCT_BUNDLE_IDENTIFIER = com.prrp.Easynvest;
				PRODUCT_NAME = "$(TARGET_NAME)";
				SWIFT_VERSION = 4.0;
				TARGETED_DEVICE_FAMILY = "1,2";
			};
			name = Debug;
		};
		8B248F152114F5E8003A0F69 /* Release */ = {
			isa = XCBuildConfiguration;
			baseConfigurationReference = B3B459DC58F2BF83A3B0A31F /* Pods-Easynvest.release.xcconfig */;
			buildSettings = {
				ASSETCATALOG_COMPILER_APPICON_NAME = AppIcon;
				CODE_SIGN_STYLE = Automatic;
				DEVELOPMENT_TEAM = V7R5DW23MV;
				INFOPLIST_FILE = Easynvest/Info.plist;
				LD_RUNPATH_SEARCH_PATHS = (
					"$(inherited)",
					"@executable_path/Frameworks",
				);
				PRODUCT_BUNDLE_IDENTIFIER = com.prrp.Easynvest;
				PRODUCT_NAME = "$(TARGET_NAME)";
				SWIFT_VERSION = 4.0;
				TARGETED_DEVICE_FAMILY = "1,2";
			};
			name = Release;
		};
		8B248F172114F5E8003A0F69 /* Debug */ = {
			isa = XCBuildConfiguration;
			baseConfigurationReference = A78C67976D58EF49DD0AED2A /* Pods-EasynvestTests.debug.xcconfig */;
			buildSettings = {
				ALWAYS_EMBED_SWIFT_STANDARD_LIBRARIES = YES;
				BUNDLE_LOADER = "$(TEST_HOST)";
				CODE_SIGN_STYLE = Automatic;
				DEVELOPMENT_TEAM = V7R5DW23MV;
				INFOPLIST_FILE = EasynvestTests/Info.plist;
				LD_RUNPATH_SEARCH_PATHS = (
					"$(inherited)",
					"@executable_path/Frameworks",
					"@loader_path/Frameworks",
				);
				PRODUCT_BUNDLE_IDENTIFIER = com.prrp.EasynvestTests;
				PRODUCT_NAME = "$(TARGET_NAME)";
				SWIFT_VERSION = 4.0;
				TARGETED_DEVICE_FAMILY = "1,2";
				TEST_HOST = "$(BUILT_PRODUCTS_DIR)/Easynvest.app/Easynvest";
			};
			name = Debug;
		};
		8B248F182114F5E8003A0F69 /* Release */ = {
			isa = XCBuildConfiguration;
			baseConfigurationReference = E39B0C80AAD5916191492174 /* Pods-EasynvestTests.release.xcconfig */;
			buildSettings = {
				ALWAYS_EMBED_SWIFT_STANDARD_LIBRARIES = YES;
				BUNDLE_LOADER = "$(TEST_HOST)";
				CODE_SIGN_STYLE = Automatic;
				DEVELOPMENT_TEAM = V7R5DW23MV;
				INFOPLIST_FILE = EasynvestTests/Info.plist;
				LD_RUNPATH_SEARCH_PATHS = (
					"$(inherited)",
					"@executable_path/Frameworks",
					"@loader_path/Frameworks",
				);
				PRODUCT_BUNDLE_IDENTIFIER = com.prrp.EasynvestTests;
				PRODUCT_NAME = "$(TARGET_NAME)";
				SWIFT_VERSION = 4.0;
				TARGETED_DEVICE_FAMILY = "1,2";
				TEST_HOST = "$(BUILT_PRODUCTS_DIR)/Easynvest.app/Easynvest";
			};
			name = Release;
		};
/* End XCBuildConfiguration section */

/* Begin XCConfigurationList section */
		8B248EF12114F5DB003A0F69 /* Build configuration list for PBXProject "Easynvest" */ = {
			isa = XCConfigurationList;
			buildConfigurations = (
				8B248F112114F5E8003A0F69 /* Debug */,
				8B248F122114F5E8003A0F69 /* Release */,
			);
			defaultConfigurationIsVisible = 0;
			defaultConfigurationName = Release;
		};
		8B248F132114F5E8003A0F69 /* Build configuration list for PBXNativeTarget "Easynvest" */ = {
			isa = XCConfigurationList;
			buildConfigurations = (
				8B248F142114F5E8003A0F69 /* Debug */,
				8B248F152114F5E8003A0F69 /* Release */,
			);
			defaultConfigurationIsVisible = 0;
			defaultConfigurationName = Release;
		};
		8B248F162114F5E8003A0F69 /* Build configuration list for PBXNativeTarget "EasynvestTests" */ = {
			isa = XCConfigurationList;
			buildConfigurations = (
				8B248F172114F5E8003A0F69 /* Debug */,
				8B248F182114F5E8003A0F69 /* Release */,
			);
			defaultConfigurationIsVisible = 0;
			defaultConfigurationName = Release;
		};
/* End XCConfigurationList section */
	};
	rootObject = 8B248EEE2114F5DB003A0F69 /* Project object */;
}
